
Microsoft Visual Studio Solution File, Format Version 12.00
# Visual Studio Version 17
VisualStudioVersion = 17.1.32228.430
MinimumVisualStudioVersion = 10.0.40219.1
Project("{9A19103F-16F7-4668-BE54-9A1E7A4F7556}") = "Parky", "Parky\Parky.csproj", "{DA975E34-9B93-4178-BF07-3C7CAB8A2F63}"
EndProject
Project("{FAE04EC0-301F-11D3-BF4B-00C04F79EFBC}") = "ParkyWeb", "ParkyWeb\ParkyWeb.csproj", "{A3BC0883-99A5-4555-9B2E-A598B8AC5B85}"
EndProject
Global
	GlobalSection(SolutionConfigurationPlatforms) = preSolution
		Debug|Any CPU = Debug|Any CPU
		Release|Any CPU = Release|Any CPU
	EndGlobalSection
	GlobalSection(ProjectConfigurationPlatforms) = postSolution
		{DA975E34-9B93-4178-BF07-3C7CAB8A2F63}.Debug|Any CPU.ActiveCfg = Debug|Any CPU
		{DA975E34-9B93-4178-BF07-3C7CAB8A2F63}.Debug|Any CPU.Build.0 = Debug|Any CPU
		{DA975E34-9B93-4178-BF07-3C7CAB8A2F63}.Release|Any CPU.ActiveCfg = Release|Any CPU
		{DA975E34-9B93-4178-BF07-3C7CAB8A2F63}.Release|Any CPU.Build.0 = Release|Any CPU
		{A3BC0883-99A5-4555-9B2E-A598B8AC5B85}.Debug|Any CPU.ActiveCfg = Debug|Any CPU
		{A3BC0883-99A5-4555-9B2E-A598B8AC5B85}.Debug|Any CPU.Build.0 = Debug|Any CPU
		{A3BC0883-99A5-4555-9B2E-A598B8AC5B85}.Release|Any CPU.ActiveCfg = Release|Any CPU
		{A3BC0883-99A5-4555-9B2E-A598B8AC5B85}.Release|Any CPU.Build.0 = Release|Any CPU
	EndGlobalSection
	GlobalSection(SolutionProperties) = preSolution
		HideSolutionNode = FALSE
	EndGlobalSection
	GlobalSection(ExtensibilityGlobals) = postSolution
		SolutionGuid = {34FB56C0-81E4-449A-8126-67950321C566}
	EndGlobalSection
EndGlobal
